
Microsoft Visual Studio Solution File, Format Version 12.00
# Visual Studio 15
VisualStudioVersion = 15.0.28307.1684
MinimumVisualStudioVersion = 10.0.40219.1
Project("{9A19103F-16F7-4668-BE54-9A1E7A4F7556}") = "DIO.Bank", "DIO.Bank.csproj", "{FF5D122F-9089-4EE4-B7DB-72D4A4ED4699}"
EndProject
Global
	GlobalSection(SolutionConfigurationPlatforms) = preSolution
		Debug|Any CPU = Debug|Any CPU
		Release|Any CPU = Release|Any CPU
	EndGlobalSection
	GlobalSection(ProjectConfigurationPlatforms) = postSolution
		{FF5D122F-9089-4EE4-B7DB-72D4A4ED4699}.Debug|Any CPU.ActiveCfg = Debug|Any CPU
		{FF5D122F-9089-4EE4-B7DB-72D4A4ED4699}.Debug|Any CPU.Build.0 = Debug|Any CPU
		{FF5D122F-9089-4EE4-B7DB-72D4A4ED4699}.Release|Any CPU.ActiveCfg = Release|Any CPU
		{FF5D122F-9089-4EE4-B7DB-72D4A4ED4699}.Release|Any CPU.Build.0 = Release|Any CPU
	EndGlobalSection
	GlobalSection(SolutionProperties) = preSolution
		HideSolutionNode = FALSE
	EndGlobalSection
	GlobalSection(ExtensibilityGlobals) = postSolution
		SolutionGuid = {302A079E-487E-41DC-B6F5-2964B724B3FB}
	EndGlobalSection
EndGlobal
